
Microsoft Visual Studio Solution File, Format Version 12.00
# Visual Studio Version 17
VisualStudioVersion = 17.8.34330.188
MinimumVisualStudioVersion = 10.0.40219.1

# Core Projects
Project("{9A19103F-16F7-4668-BE54-9A1E7A4F7556}") = "FathomOS.Core", "FathomOS.Core\FathomOS.Core.csproj", "{A1B2C3D4-1234-5678-9ABC-DEF012345678}"
EndProject
Project("{9A19103F-16F7-4668-BE54-9A1E7A4F7556}") = "FathomOS.UI", "FathomOS.UI\FathomOS.UI.csproj", "{DDDDDDDD-DDDD-DDDD-DDDD-DDDDDDDDDDDD}"
EndProject
Project("{9A19103F-16F7-4668-BE54-9A1E7A4F7556}") = "FathomOS.Shell", "FathomOS.Shell\FathomOS.Shell.csproj", "{B2C3D4E5-2345-6789-ABCD-EF0123456789}"
EndProject
Project("{9A19103F-16F7-4668-BE54-9A1E7A4F7556}") = "FathomOS.Tests", "FathomOS.Tests\FathomOS.Tests.csproj", "{D4E5F6A7-4567-89AB-CDEF-012345678901}"
EndProject

# Licensing Projects
Project("{9A19103F-16F7-4668-BE54-9A1E7A4F7556}") = "LicensingSystem.Shared", "LicensingSystem.Shared\LicensingSystem.Shared.csproj", "{E5F6A7B8-5678-9ABC-DEF0-123456789012}"
EndProject
Project("{9A19103F-16F7-4668-BE54-9A1E7A4F7556}") = "LicensingSystem.Client", "LicensingSystem.Client\LicensingSystem.Client.csproj", "{F6A7B8C9-6789-ABCD-EF01-234567890123}"
EndProject

# Standalone Modules
Project("{9A19103F-16F7-4668-BE54-9A1E7A4F7556}") = "FathomOS.Modules.SurveyListing", "FathomOS.Modules.SurveyListing\FathomOS.Modules.SurveyListing.csproj", "{C3D4E5F6-3456-789A-BCDE-F01234567890}"
EndProject
Project("{9A19103F-16F7-4668-BE54-9A1E7A4F7556}") = "FathomOS.Modules.SurveyLogbook", "FathomOS.Modules.SurveyLogbook\FathomOS.Modules.SurveyLogbook.csproj", "{11111111-1111-1111-1111-111111111111}"
EndProject
Project("{9A19103F-16F7-4668-BE54-9A1E7A4F7556}") = "FathomOS.Modules.EquipmentInventory", "FathomOS.Modules.EquipmentInventory\FathomOS.Modules.EquipmentInventory.csproj", "{22222222-2222-2222-2222-222222222222}"
EndProject
Project("{9A19103F-16F7-4668-BE54-9A1E7A4F7556}") = "FathomOS.Modules.NetworkTimeSync", "FathomOS.Modules.NetworkTimeSync\FathomOS.Modules.NetworkTimeSync.csproj", "{33333333-3333-3333-3333-333333333333}"
EndProject
Project("{9A19103F-16F7-4668-BE54-9A1E7A4F7556}") = "FathomOS.Modules.SoundVelocity", "FathomOS.Modules.SoundVelocity\FathomOS.Modules.SoundVelocity.csproj", "{44444444-4444-4444-4444-444444444444}"
EndProject

# Solution Folder for Management Modules
Project("{2150E333-8FDC-42A3-9474-1A3956D46DE8}") = "Management", "Management", "{MGMT0001-MGMT-MGMT-MGMT-MANAGEMENT01}"
EndProject

# Management Modules
Project("{9A19103F-16F7-4668-BE54-9A1E7A4F7556}") = "FathomOS.Modules.PersonnelManagement", "FathomOS.Modules.PersonnelManagement\FathomOS.Modules.PersonnelManagement.csproj", "{BBBBBBBB-BBBB-BBBB-BBBB-BBBBBBBBBBBB}"
EndProject
Project("{9A19103F-16F7-4668-BE54-9A1E7A4F7556}") = "FathomOS.Modules.ProjectManagement", "FathomOS.Modules.ProjectManagement\FathomOS.Modules.ProjectManagement.csproj", "{CCCCCCCC-CCCC-CCCC-CCCC-CCCCCCCCCCCC}"
EndProject

# Solution Folder for Calibration Modules
Project("{2150E333-8FDC-42A3-9474-1A3956D46DE8}") = "Calibrations", "Calibrations", "{CALIB001-CALIB-CALIB-CALIB-CALIBRATION1}"
EndProject

# Calibration Modules
Project("{9A19103F-16F7-4668-BE54-9A1E7A4F7556}") = "FathomOS.Modules.GnssCalibration", "FathomOS.ModuleGroups.Calibrations\FathomOS.Modules.GnssCalibration\FathomOS.Modules.GnssCalibration.csproj", "{55555555-5555-5555-5555-555555555555}"
EndProject
Project("{9A19103F-16F7-4668-BE54-9A1E7A4F7556}") = "FathomOS.Modules.MruCalibration", "FathomOS.ModuleGroups.Calibrations\FathomOS.Modules.MruCalibration\FathomOS.Modules.MruCalibration.csproj", "{66666666-6666-6666-6666-666666666666}"
EndProject
Project("{9A19103F-16F7-4668-BE54-9A1E7A4F7556}") = "FathomOS.Modules.RovGyroCalibration", "FathomOS.ModuleGroups.Calibrations\FathomOS.Modules.RovGyroCalibration\FathomOS.Modules.RovGyroCalibration.csproj", "{77777777-7777-7777-7777-777777777777}"
EndProject
Project("{9A19103F-16F7-4668-BE54-9A1E7A4F7556}") = "FathomOS.Modules.TreeInclination", "FathomOS.ModuleGroups.Calibrations\FathomOS.Modules.TreeInclination\FathomOS.Modules.TreeInclination.csproj", "{88888888-8888-8888-8888-888888888888}"
EndProject
Project("{9A19103F-16F7-4668-BE54-9A1E7A4F7556}") = "FathomOS.Modules.UsblVerification", "FathomOS.ModuleGroups.Calibrations\FathomOS.Modules.UsblVerification\FathomOS.Modules.UsblVerification.csproj", "{99999999-9999-9999-9999-999999999999}"
EndProject
Project("{9A19103F-16F7-4668-BE54-9A1E7A4F7556}") = "FathomOS.Modules.VesselGyroCalibration", "FathomOS.ModuleGroups.Calibrations\FathomOS.Modules.VesselGyroCalibration\FathomOS.Modules.VesselGyroCalibration.csproj", "{AAAAAAAA-AAAA-AAAA-AAAA-AAAAAAAAAAAA}"
EndProject

Global
	GlobalSection(SolutionConfigurationPlatforms) = preSolution
		Debug|Any CPU = Debug|Any CPU
		Release|Any CPU = Release|Any CPU
	EndGlobalSection
	GlobalSection(ProjectConfigurationPlatforms) = postSolution
		{A1B2C3D4-1234-5678-9ABC-DEF012345678}.Debug|Any CPU.ActiveCfg = Debug|Any CPU
		{A1B2C3D4-1234-5678-9ABC-DEF012345678}.Debug|Any CPU.Build.0 = Debug|Any CPU
		{A1B2C3D4-1234-5678-9ABC-DEF012345678}.Release|Any CPU.ActiveCfg = Release|Any CPU
		{A1B2C3D4-1234-5678-9ABC-DEF012345678}.Release|Any CPU.Build.0 = Release|Any CPU
		{B2C3D4E5-2345-6789-ABCD-EF0123456789}.Debug|Any CPU.ActiveCfg = Debug|Any CPU
		{B2C3D4E5-2345-6789-ABCD-EF0123456789}.Debug|Any CPU.Build.0 = Debug|Any CPU
		{B2C3D4E5-2345-6789-ABCD-EF0123456789}.Release|Any CPU.ActiveCfg = Release|Any CPU
		{B2C3D4E5-2345-6789-ABCD-EF0123456789}.Release|Any CPU.Build.0 = Release|Any CPU
		{C3D4E5F6-3456-789A-BCDE-F01234567890}.Debug|Any CPU.ActiveCfg = Debug|Any CPU
		{C3D4E5F6-3456-789A-BCDE-F01234567890}.Debug|Any CPU.Build.0 = Debug|Any CPU
		{C3D4E5F6-3456-789A-BCDE-F01234567890}.Release|Any CPU.ActiveCfg = Release|Any CPU
		{C3D4E5F6-3456-789A-BCDE-F01234567890}.Release|Any CPU.Build.0 = Release|Any CPU
		{D4E5F6A7-4567-89AB-CDEF-012345678901}.Debug|Any CPU.ActiveCfg = Debug|Any CPU
		{D4E5F6A7-4567-89AB-CDEF-012345678901}.Debug|Any CPU.Build.0 = Debug|Any CPU
		{D4E5F6A7-4567-89AB-CDEF-012345678901}.Release|Any CPU.ActiveCfg = Release|Any CPU
		{D4E5F6A7-4567-89AB-CDEF-012345678901}.Release|Any CPU.Build.0 = Release|Any CPU
		{E5F6A7B8-5678-9ABC-DEF0-123456789012}.Debug|Any CPU.ActiveCfg = Debug|Any CPU
		{E5F6A7B8-5678-9ABC-DEF0-123456789012}.Debug|Any CPU.Build.0 = Debug|Any CPU
		{E5F6A7B8-5678-9ABC-DEF0-123456789012}.Release|Any CPU.ActiveCfg = Release|Any CPU
		{E5F6A7B8-5678-9ABC-DEF0-123456789012}.Release|Any CPU.Build.0 = Release|Any CPU
		{F6A7B8C9-6789-ABCD-EF01-234567890123}.Debug|Any CPU.ActiveCfg = Debug|Any CPU
		{F6A7B8C9-6789-ABCD-EF01-234567890123}.Debug|Any CPU.Build.0 = Debug|Any CPU
		{F6A7B8C9-6789-ABCD-EF01-234567890123}.Release|Any CPU.ActiveCfg = Release|Any CPU
		{F6A7B8C9-6789-ABCD-EF01-234567890123}.Release|Any CPU.Build.0 = Release|Any CPU
		{11111111-1111-1111-1111-111111111111}.Debug|Any CPU.ActiveCfg = Debug|Any CPU
		{11111111-1111-1111-1111-111111111111}.Debug|Any CPU.Build.0 = Debug|Any CPU
		{11111111-1111-1111-1111-111111111111}.Release|Any CPU.ActiveCfg = Release|Any CPU
		{11111111-1111-1111-1111-111111111111}.Release|Any CPU.Build.0 = Release|Any CPU
		{22222222-2222-2222-2222-222222222222}.Debug|Any CPU.ActiveCfg = Debug|Any CPU
		{22222222-2222-2222-2222-222222222222}.Debug|Any CPU.Build.0 = Debug|Any CPU
		{22222222-2222-2222-2222-222222222222}.Release|Any CPU.ActiveCfg = Release|Any CPU
		{22222222-2222-2222-2222-222222222222}.Release|Any CPU.Build.0 = Release|Any CPU
		{33333333-3333-3333-3333-333333333333}.Debug|Any CPU.ActiveCfg = Debug|Any CPU
		{33333333-3333-3333-3333-333333333333}.Debug|Any CPU.Build.0 = Debug|Any CPU
		{33333333-3333-3333-3333-333333333333}.Release|Any CPU.ActiveCfg = Release|Any CPU
		{33333333-3333-3333-3333-333333333333}.Release|Any CPU.Build.0 = Release|Any CPU
		{44444444-4444-4444-4444-444444444444}.Debug|Any CPU.ActiveCfg = Debug|Any CPU
		{44444444-4444-4444-4444-444444444444}.Debug|Any CPU.Build.0 = Debug|Any CPU
		{44444444-4444-4444-4444-444444444444}.Release|Any CPU.ActiveCfg = Release|Any CPU
		{44444444-4444-4444-4444-444444444444}.Release|Any CPU.Build.0 = Release|Any CPU
		{55555555-5555-5555-5555-555555555555}.Debug|Any CPU.ActiveCfg = Debug|Any CPU
		{55555555-5555-5555-5555-555555555555}.Debug|Any CPU.Build.0 = Debug|Any CPU
		{55555555-5555-5555-5555-555555555555}.Release|Any CPU.ActiveCfg = Release|Any CPU
		{55555555-5555-5555-5555-555555555555}.Release|Any CPU.Build.0 = Release|Any CPU
		{66666666-6666-6666-6666-666666666666}.Debug|Any CPU.ActiveCfg = Debug|Any CPU
		{66666666-6666-6666-6666-666666666666}.Debug|Any CPU.Build.0 = Debug|Any CPU
		{66666666-6666-6666-6666-666666666666}.Release|Any CPU.ActiveCfg = Release|Any CPU
		{66666666-6666-6666-6666-666666666666}.Release|Any CPU.Build.0 = Release|Any CPU
		{77777777-7777-7777-7777-777777777777}.Debug|Any CPU.ActiveCfg = Debug|Any CPU
		{77777777-7777-7777-7777-777777777777}.Debug|Any CPU.Build.0 = Debug|Any CPU
		{77777777-7777-7777-7777-777777777777}.Release|Any CPU.ActiveCfg = Release|Any CPU
		{77777777-7777-7777-7777-777777777777}.Release|Any CPU.Build.0 = Release|Any CPU
		{88888888-8888-8888-8888-888888888888}.Debug|Any CPU.ActiveCfg = Debug|Any CPU
		{88888888-8888-8888-8888-888888888888}.Debug|Any CPU.Build.0 = Debug|Any CPU
		{88888888-8888-8888-8888-888888888888}.Release|Any CPU.ActiveCfg = Release|Any CPU
		{88888888-8888-8888-8888-888888888888}.Release|Any CPU.Build.0 = Release|Any CPU
		{99999999-9999-9999-9999-999999999999}.Debug|Any CPU.ActiveCfg = Debug|Any CPU
		{99999999-9999-9999-9999-999999999999}.Debug|Any CPU.Build.0 = Debug|Any CPU
		{99999999-9999-9999-9999-999999999999}.Release|Any CPU.ActiveCfg = Release|Any CPU
		{99999999-9999-9999-9999-999999999999}.Release|Any CPU.Build.0 = Release|Any CPU
		{AAAAAAAA-AAAA-AAAA-AAAA-AAAAAAAAAAAA}.Debug|Any CPU.ActiveCfg = Debug|Any CPU
		{AAAAAAAA-AAAA-AAAA-AAAA-AAAAAAAAAAAA}.Debug|Any CPU.Build.0 = Debug|Any CPU
		{AAAAAAAA-AAAA-AAAA-AAAA-AAAAAAAAAAAA}.Release|Any CPU.ActiveCfg = Release|Any CPU
		{AAAAAAAA-AAAA-AAAA-AAAA-AAAAAAAAAAAA}.Release|Any CPU.Build.0 = Release|Any CPU
		{BBBBBBBB-BBBB-BBBB-BBBB-BBBBBBBBBBBB}.Debug|Any CPU.ActiveCfg = Debug|Any CPU
		{BBBBBBBB-BBBB-BBBB-BBBB-BBBBBBBBBBBB}.Debug|Any CPU.Build.0 = Debug|Any CPU
		{BBBBBBBB-BBBB-BBBB-BBBB-BBBBBBBBBBBB}.Release|Any CPU.ActiveCfg = Release|Any CPU
		{BBBBBBBB-BBBB-BBBB-BBBB-BBBBBBBBBBBB}.Release|Any CPU.Build.0 = Release|Any CPU
		{CCCCCCCC-CCCC-CCCC-CCCC-CCCCCCCCCCCC}.Debug|Any CPU.ActiveCfg = Debug|Any CPU
		{CCCCCCCC-CCCC-CCCC-CCCC-CCCCCCCCCCCC}.Debug|Any CPU.Build.0 = Debug|Any CPU
		{CCCCCCCC-CCCC-CCCC-CCCC-CCCCCCCCCCCC}.Release|Any CPU.ActiveCfg = Release|Any CPU
		{CCCCCCCC-CCCC-CCCC-CCCC-CCCCCCCCCCCC}.Release|Any CPU.Build.0 = Release|Any CPU
		{DDDDDDDD-DDDD-DDDD-DDDD-DDDDDDDDDDDD}.Debug|Any CPU.ActiveCfg = Debug|Any CPU
		{DDDDDDDD-DDDD-DDDD-DDDD-DDDDDDDDDDDD}.Debug|Any CPU.Build.0 = Debug|Any CPU
		{DDDDDDDD-DDDD-DDDD-DDDD-DDDDDDDDDDDD}.Release|Any CPU.ActiveCfg = Release|Any CPU
		{DDDDDDDD-DDDD-DDDD-DDDD-DDDDDDDDDDDD}.Release|Any CPU.Build.0 = Release|Any CPU
	EndGlobalSection
	GlobalSection(SolutionProperties) = preSolution
		HideSolutionNode = FALSE
	EndGlobalSection
	GlobalSection(NestedProjects) = preSolution
		{55555555-5555-5555-5555-555555555555} = {CALIB001-CALIB-CALIB-CALIB-CALIBRATION1}
		{66666666-6666-6666-6666-666666666666} = {CALIB001-CALIB-CALIB-CALIB-CALIBRATION1}
		{77777777-7777-7777-7777-777777777777} = {CALIB001-CALIB-CALIB-CALIB-CALIBRATION1}
		{88888888-8888-8888-8888-888888888888} = {CALIB001-CALIB-CALIB-CALIB-CALIBRATION1}
		{99999999-9999-9999-9999-999999999999} = {CALIB001-CALIB-CALIB-CALIB-CALIBRATION1}
		{AAAAAAAA-AAAA-AAAA-AAAA-AAAAAAAAAAAA} = {CALIB001-CALIB-CALIB-CALIB-CALIBRATION1}
		{BBBBBBBB-BBBB-BBBB-BBBB-BBBBBBBBBBBB} = {MGMT0001-MGMT-MGMT-MGMT-MANAGEMENT01}
		{CCCCCCCC-CCCC-CCCC-CCCC-CCCCCCCCCCCC} = {MGMT0001-MGMT-MGMT-MGMT-MANAGEMENT01}
	EndGlobalSection
EndGlobal
